// !$*UTF8*$!
{
	archiveVersion = 1;
	classes = {
	};
	objectVersion = 48;
	objects = {

/* Begin PBXBuildFile section */
		6999EC165B7DD03111211AFD /* libPods-OC_D.a in Frameworks */ = {isa = PBXBuildFile; fileRef = DF0E9BF9EBCE6100EC0DE74D /* libPods-OC_D.a */; };
		7836EB2A2065DD77001E63E8 /* AppDelegate.m in Sources */ = {isa = PBXBuildFile; fileRef = 7836EB292065DD77001E63E8 /* AppDelegate.m */; };
		7836EB2D2065DD78001E63E8 /* ViewController.m in Sources */ = {isa = PBXBuildFile; fileRef = 7836EB2C2065DD77001E63E8 /* ViewController.m */; };
		7836EB302065DD78001E63E8 /* Main.storyboard in Resources */ = {isa = PBXBuildFile; fileRef = 7836EB2E2065DD78001E63E8 /* Main.storyboard */; };
		7836EB322065DD78001E63E8 /* Assets.xcassets in Resources */ = {isa = PBXBuildFile; fileRef = 7836EB312065DD78001E63E8 /* Assets.xcassets */; };
		7836EB352065DD78001E63E8 /* LaunchScreen.storyboard in Resources */ = {isa = PBXBuildFile; fileRef = 7836EB332065DD78001E63E8 /* LaunchScreen.storyboard */; };
		7836EB382065DD78001E63E8 /* main.m in Sources */ = {isa = PBXBuildFile; fileRef = 7836EB372065DD78001E63E8 /* main.m */; };
		7836EB412065FE34001E63E8 /* AViewController.m in Sources */ = {isa = PBXBuildFile; fileRef = 7836EB402065FE34001E63E8 /* AViewController.m */; };
		784D76F4206887D6006E6905 /* CYLPlusButtonSubclass.m in Sources */ = {isa = PBXBuildFile; fileRef = 784D76F3206887D6006E6905 /* CYLPlusButtonSubclass.m */; };
		784D76F72068973F006E6905 /* HomeViewController.m in Sources */ = {isa = PBXBuildFile; fileRef = 784D76F62068973F006E6905 /* HomeViewController.m */; };
		784D76FA206898BE006E6905 /* SecondViewController.m in Sources */ = {isa = PBXBuildFile; fileRef = 784D76F9206898BE006E6905 /* SecondViewController.m */; };
		784D76FD206898FF006E6905 /* ThirdViewController.m in Sources */ = {isa = PBXBuildFile; fileRef = 784D76FC206898FF006E6905 /* ThirdViewController.m */; };
		784D770020689916006E6905 /* MineViewController.m in Sources */ = {isa = PBXBuildFile; fileRef = 784D76FF20689916006E6905 /* MineViewController.m */; };
		7885E71020665594004617AE /* CYLTabBarControllerConfig.m in Sources */ = {isa = PBXBuildFile; fileRef = 7885E70F20665594004617AE /* CYLTabBarControllerConfig.m */; };
/* End PBXBuildFile section */

/* Begin PBXFileReference section */
		09824D1F5ADFCC4B6C8E81D7 /* Pods-OC_D.release.xcconfig */ = {isa = PBXFileReference; includeInIndex = 1; lastKnownFileType = text.xcconfig; name = "Pods-OC_D.release.xcconfig"; path = "Pods/Target Support Files/Pods-OC_D/Pods-OC_D.release.xcconfig"; sourceTree = "<group>"; };
		14B876CC2A747E3843A18D22 /* Pods-OC_D.debug.xcconfig */ = {isa = PBXFileReference; includeInIndex = 1; lastKnownFileType = text.xcconfig; name = "Pods-OC_D.debug.xcconfig"; path = "Pods/Target Support Files/Pods-OC_D/Pods-OC_D.debug.xcconfig"; sourceTree = "<group>"; };
		7836EB252065DD77001E63E8 /* OC_D.app */ = {isa = PBXFileReference; explicitFileType = wrapper.application; includeInIndex = 0; path = OC_D.app; sourceTree = BUILT_PRODUCTS_DIR; };
		7836EB282065DD77001E63E8 /* AppDelegate.h */ = {isa = PBXFileReference; lastKnownFileType = sourcecode.c.h; path = AppDelegate.h; sourceTree = "<group>"; };
		7836EB292065DD77001E63E8 /* AppDelegate.m */ = {isa = PBXFileReference; lastKnownFileType = sourcecode.c.objc; path = AppDelegate.m; sourceTree = "<group>"; };
		7836EB2B2065DD77001E63E8 /* ViewController.h */ = {isa = PBXFileReference; lastKnownFileType = sourcecode.c.h; path = ViewController.h; sourceTree = "<group>"; };
		7836EB2C2065DD77001E63E8 /* ViewController.m */ = {isa = PBXFileReference; lastKnownFileType = sourcecode.c.objc; path = ViewController.m; sourceTree = "<group>"; };
		7836EB2F2065DD78001E63E8 /* Base */ = {isa = PBXFileReference; lastKnownFileType = file.storyboard; name = Base; path = Base.lproj/Main.storyboard; sourceTree = "<group>"; };
		7836EB312065DD78001E63E8 /* Assets.xcassets */ = {isa = PBXFileReference; lastKnownFileType = folder.assetcatalog; path = Assets.xcassets; sourceTree = "<group>"; };
		7836EB342065DD78001E63E8 /* Base */ = {isa = PBXFileReference; lastKnownFileType = file.storyboard; name = Base; path = Base.lproj/LaunchScreen.storyboard; sourceTree = "<group>"; };
		7836EB362065DD78001E63E8 /* Info.plist */ = {isa = PBXFileReference; lastKnownFileType = text.plist.xml; path = Info.plist; sourceTree = "<group>"; };
		7836EB372065DD78001E63E8 /* main.m */ = {isa = PBXFileReference; lastKnownFileType = sourcecode.c.objc; path = main.m; sourceTree = "<group>"; };
		7836EB3E2065DE83001E63E8 /* PrefixHeader.pch */ = {isa = PBXFileReference; lastKnownFileType = sourcecode.c.h; path = PrefixHeader.pch; sourceTree = "<group>"; };
		7836EB3F2065FE34001E63E8 /* AViewController.h */ = {isa = PBXFileReference; lastKnownFileType = sourcecode.c.h; path = AViewController.h; sourceTree = "<group>"; };
		7836EB402065FE34001E63E8 /* AViewController.m */ = {isa = PBXFileReference; lastKnownFileType = sourcecode.c.objc; path = AViewController.m; sourceTree = "<group>"; };
		784D76F2206887D6006E6905 /* CYLPlusButtonSubclass.h */ = {isa = PBXFileReference; lastKnownFileType = sourcecode.c.h; path = CYLPlusButtonSubclass.h; sourceTree = "<group>"; };
		784D76F3206887D6006E6905 /* CYLPlusButtonSubclass.m */ = {isa = PBXFileReference; lastKnownFileType = sourcecode.c.objc; path = CYLPlusButtonSubclass.m; sourceTree = "<group>"; };
		784D76F52068973F006E6905 /* HomeViewController.h */ = {isa = PBXFileReference; lastKnownFileType = sourcecode.c.h; path = HomeViewController.h; sourceTree = "<group>"; };
		784D76F62068973F006E6905 /* HomeViewController.m */ = {isa = PBXFileReference; lastKnownFileType = sourcecode.c.objc; path = HomeViewController.m; sourceTree = "<group>"; };
		784D76F8206898BE006E6905 /* SecondViewController.h */ = {isa = PBXFileReference; lastKnownFileType = sourcecode.c.h; path = SecondViewController.h; sourceTree = "<group>"; };
		784D76F9206898BE006E6905 /* SecondViewController.m */ = {isa = PBXFileReference; lastKnownFileType = sourcecode.c.objc; path = SecondViewController.m; sourceTree = "<group>"; };
		784D76FB206898FF006E6905 /* ThirdViewController.h */ = {isa = PBXFileReference; lastKnownFileType = sourcecode.c.h; path = ThirdViewController.h; sourceTree = "<group>"; };
		784D76FC206898FF006E6905 /* ThirdViewController.m */ = {isa = PBXFileReference; lastKnownFileType = sourcecode.c.objc; path = ThirdViewController.m; sourceTree = "<group>"; };
		784D76FE20689916006E6905 /* MineViewController.h */ = {isa = PBXFileReference; lastKnownFileType = sourcecode.c.h; path = MineViewController.h; sourceTree = "<group>"; };
		784D76FF20689916006E6905 /* MineViewController.m */ = {isa = PBXFileReference; lastKnownFileType = sourcecode.c.objc; path = MineViewController.m; sourceTree = "<group>"; };
		7885E70E20665594004617AE /* CYLTabBarControllerConfig.h */ = {isa = PBXFileReference; lastKnownFileType = sourcecode.c.h; path = CYLTabBarControllerConfig.h; sourceTree = "<group>"; };
		7885E70F20665594004617AE /* CYLTabBarControllerConfig.m */ = {isa = PBXFileReference; lastKnownFileType = sourcecode.c.objc; path = CYLTabBarControllerConfig.m; sourceTree = "<group>"; };
		DF0E9BF9EBCE6100EC0DE74D /* libPods-OC_D.a */ = {isa = PBXFileReference; explicitFileType = archive.ar; includeInIndex = 0; path = "libPods-OC_D.a"; sourceTree = BUILT_PRODUCTS_DIR; };
/* End PBXFileReference section */

/* Begin PBXFrameworksBuildPhase section */
		7836EB222065DD77001E63E8 /* Frameworks */ = {
			isa = PBXFrameworksBuildPhase;
			buildActionMask = 2147483647;
			files = (
				6999EC165B7DD03111211AFD /* libPods-OC_D.a in Frameworks */,
			);
			runOnlyForDeploymentPostprocessing = 0;
		};
/* End PBXFrameworksBuildPhase section */

/* Begin PBXGroup section */
		3B4802656525A0B59E0918B0 /* Frameworks */ = {
			isa = PBXGroup;
			children = (
				DF0E9BF9EBCE6100EC0DE74D /* libPods-OC_D.a */,
			);
			name = Frameworks;
			sourceTree = "<group>";
		};
		7836EB1C2065DD77001E63E8 = {
			isa = PBXGroup;
			children = (
				7836EB272065DD77001E63E8 /* OC_D */,
				7836EB262065DD77001E63E8 /* Products */,
				8E6C4AFFA2259FEE8F19FD13 /* Pods */,
				3B4802656525A0B59E0918B0 /* Frameworks */,
			);
			sourceTree = "<group>";
		};
		7836EB262065DD77001E63E8 /* Products */ = {
			isa = PBXGroup;
			children = (
				7836EB252065DD77001E63E8 /* OC_D.app */,
			);
			name = Products;
			sourceTree = "<group>";
		};
		7836EB272065DD77001E63E8 /* OC_D */ = {
			isa = PBXGroup;
			children = (
				7836EB282065DD77001E63E8 /* AppDelegate.h */,
				7836EB292065DD77001E63E8 /* AppDelegate.m */,
				7836EB3E2065DE83001E63E8 /* PrefixHeader.pch */,
				7836EB2B2065DD77001E63E8 /* ViewController.h */,
				7836EB2C2065DD77001E63E8 /* ViewController.m */,
				784D770120689A43006E6905 /* Home */,
				784D770320689A75006E6905 /* Second */,
				784D770420689A8A006E6905 /* Third */,
				784D770220689A58006E6905 /* Mine */,
				7836EB2E2065DD78001E63E8 /* Main.storyboard */,
				784D76F2206887D6006E6905 /* CYLPlusButtonSubclass.h */,
				784D76F3206887D6006E6905 /* CYLPlusButtonSubclass.m */,
				7885E70E20665594004617AE /* CYLTabBarControllerConfig.h */,
				7885E70F20665594004617AE /* CYLTabBarControllerConfig.m */,
				7836EB312065DD78001E63E8 /* Assets.xcassets */,
				7836EB332065DD78001E63E8 /* LaunchScreen.storyboard */,
				7836EB362065DD78001E63E8 /* Info.plist */,
				7836EB372065DD78001E63E8 /* main.m */,
			);
			path = OC_D;
			sourceTree = "<group>";
		};
		784D770120689A43006E6905 /* Home */ = {
			isa = PBXGroup;
			children = (
				7836EB3F2065FE34001E63E8 /* AViewController.h */,
				7836EB402065FE34001E63E8 /* AViewController.m */,
				784D76F52068973F006E6905 /* HomeViewController.h */,
				784D76F62068973F006E6905 /* HomeViewController.m */,
			);
			path = Home;
			sourceTree = "<group>";
		};
		784D770220689A58006E6905 /* Mine */ = {
			isa = PBXGroup;
			children = (
				784D76FE20689916006E6905 /* MineViewController.h */,
				784D76FF20689916006E6905 /* MineViewController.m */,
			);
			path = Mine;
			sourceTree = "<group>";
		};
		784D770320689A75006E6905 /* Second */ = {
			isa = PBXGroup;
			children = (
				784D76F8206898BE006E6905 /* SecondViewController.h */,
				784D76F9206898BE006E6905 /* SecondViewController.m */,
			);
			path = Second;
			sourceTree = "<group>";
		};
		784D770420689A8A006E6905 /* Third */ = {
			isa = PBXGroup;
			children = (
				784D76FB206898FF006E6905 /* ThirdViewController.h */,
				784D76FC206898FF006E6905 /* ThirdViewController.m */,
			);
			path = Third;
			sourceTree = "<group>";
		};
		8E6C4AFFA2259FEE8F19FD13 /* Pods */ = {
			isa = PBXGroup;
			children = (
				14B876CC2A747E3843A18D22 /* Pods-OC_D.debug.xcconfig */,
				09824D1F5ADFCC4B6C8E81D7 /* Pods-OC_D.release.xcconfig */,
			);
			name = Pods;
			sourceTree = "<group>";
		};
/* End PBXGroup section */

/* Begin PBXNativeTarget section */
		7836EB242065DD77001E63E8 /* OC_D */ = {
			isa = PBXNativeTarget;
			buildConfigurationList = 7836EB3B2065DD78001E63E8 /* Build configuration list for PBXNativeTarget "OC_D" */;
			buildPhases = (
				BC4DA6DE2EE96EF4BAB10884 /* [CP] Check Pods Manifest.lock */,
				7836EB212065DD77001E63E8 /* Sources */,
				7836EB222065DD77001E63E8 /* Frameworks */,
				7836EB232065DD77001E63E8 /* Resources */,
				85F172F00CA81F8E1FC59786 /* [CP] Embed Pods Frameworks */,
				F3DA99F55FFE0A7039315DAE /* [CP] Copy Pods Resources */,
			);
			buildRules = (
			);
			dependencies = (
			);
			name = OC_D;
			productName = OC_D;
			productReference = 7836EB252065DD77001E63E8 /* OC_D.app */;
			productType = "com.apple.product-type.application";
		};
/* End PBXNativeTarget section */

/* Begin PBXProject section */
		7836EB1D2065DD77001E63E8 /* Project object */ = {
			isa = PBXProject;
			attributes = {
				LastUpgradeCheck = 0920;
				ORGANIZATIONNAME = idea;
				TargetAttributes = {
					7836EB242065DD77001E63E8 = {
						CreatedOnToolsVersion = 9.2;
						ProvisioningStyle = Automatic;
					};
				};
			};
			buildConfigurationList = 7836EB202065DD77001E63E8 /* Build configuration list for PBXProject "OC_D" */;
			compatibilityVersion = "Xcode 8.0";
			developmentRegion = en;
			hasScannedForEncodings = 0;
			knownRegions = (
				en,
				Base,
			);
			mainGroup = 7836EB1C2065DD77001E63E8;
			productRefGroup = 7836EB262065DD77001E63E8 /* Products */;
			projectDirPath = "";
			projectRoot = "";
			targets = (
				7836EB242065DD77001E63E8 /* OC_D */,
			);
		};
/* End PBXProject section */

/* Begin PBXResourcesBuildPhase section */
		7836EB232065DD77001E63E8 /* Resources */ = {
			isa = PBXResourcesBuildPhase;
			buildActionMask = 2147483647;
			files = (
				7836EB352065DD78001E63E8 /* LaunchScreen.storyboard in Resources */,
				7836EB322065DD78001E63E8 /* Assets.xcassets in Resources */,
				7836EB302065DD78001E63E8 /* Main.storyboard in Resources */,
			);
			runOnlyForDeploymentPostprocessing = 0;
		};
/* End PBXResourcesBuildPhase section */

/* Begin PBXShellScriptBuildPhase section */
		85F172F00CA81F8E1FC59786 /* [CP] Embed Pods Frameworks */ = {
			isa = PBXShellScriptBuildPhase;
			buildActionMask = 2147483647;
			files = (
			);
			inputPaths = (
			);
			name = "[CP] Embed Pods Frameworks";
			outputPaths = (
			);
			runOnlyForDeploymentPostprocessing = 0;
			shellPath = /bin/sh;
			shellScript = "\"${SRCROOT}/Pods/Target Support Files/Pods-OC_D/Pods-OC_D-frameworks.sh\"\n";
			showEnvVarsInLog = 0;
		};
		BC4DA6DE2EE96EF4BAB10884 /* [CP] Check Pods Manifest.lock */ = {
			isa = PBXShellScriptBuildPhase;
			buildActionMask = 2147483647;
			files = (
			);
			inputPaths = (
				"${PODS_PODFILE_DIR_PATH}/Podfile.lock",
				"${PODS_ROOT}/Manifest.lock",
			);
			name = "[CP] Check Pods Manifest.lock";
			outputPaths = (
				"$(DERIVED_FILE_DIR)/Pods-OC_D-checkManifestLockResult.txt",
			);
			runOnlyForDeploymentPostprocessing = 0;
			shellPath = /bin/sh;
			shellScript = "diff \"${PODS_PODFILE_DIR_PATH}/Podfile.lock\" \"${PODS_ROOT}/Manifest.lock\" > /dev/null\nif [ $? != 0 ] ; then\n    # print error to STDERR\n    echo \"error: The sandbox is not in sync with the Podfile.lock. Run 'pod install' or update your CocoaPods installation.\" >&2\n    exit 1\nfi\n# This output is used by Xcode 'outputs' to avoid re-running this script phase.\necho \"SUCCESS\" > \"${SCRIPT_OUTPUT_FILE_0}\"\n";
			showEnvVarsInLog = 0;
		};
		F3DA99F55FFE0A7039315DAE /* [CP] Copy Pods Resources */ = {
			isa = PBXShellScriptBuildPhase;
			buildActionMask = 2147483647;
			files = (
			);
			inputPaths = (
			);
			name = "[CP] Copy Pods Resources";
			outputPaths = (
			);
			runOnlyForDeploymentPostprocessing = 0;
			shellPath = /bin/sh;
			shellScript = "\"${SRCROOT}/Pods/Target Support Files/Pods-OC_D/Pods-OC_D-resources.sh\"\n";
			showEnvVarsInLog = 0;
		};
/* End PBXShellScriptBuildPhase section */

/* Begin PBXSourcesBuildPhase section */
		7836EB212065DD77001E63E8 /* Sources */ = {
			isa = PBXSourcesBuildPhase;
			buildActionMask = 2147483647;
			files = (
				784D76F4206887D6006E6905 /* CYLPlusButtonSubclass.m in Sources */,
				7836EB412065FE34001E63E8 /* AViewController.m in Sources */,
				7836EB2D2065DD78001E63E8 /* ViewController.m in Sources */,
				7836EB382065DD78001E63E8 /* main.m in Sources */,
				784D76FA206898BE006E6905 /* SecondViewController.m in Sources */,
				784D76FD206898FF006E6905 /* ThirdViewController.m in Sources */,
				7836EB2A2065DD77001E63E8 /* AppDelegate.m in Sources */,
				784D770020689916006E6905 /* MineViewController.m in Sources */,
				784D76F72068973F006E6905 /* HomeViewController.m in Sources */,
				7885E71020665594004617AE /* CYLTabBarControllerConfig.m in Sources */,
			);
			runOnlyForDeploymentPostprocessing = 0;
		};
/* End PBXSourcesBuildPhase section */

/* Begin PBXVariantGroup section */
		7836EB2E2065DD78001E63E8 /* Main.storyboard */ = {
			isa = PBXVariantGroup;
			children = (
				7836EB2F2065DD78001E63E8 /* Base */,
			);
			name = Main.storyboard;
			sourceTree = "<group>";
		};
		7836EB332065DD78001E63E8 /* LaunchScreen.storyboard */ = {
			isa = PBXVariantGroup;
			children = (
				7836EB342065DD78001E63E8 /* Base */,
			);
			name = LaunchScreen.storyboard;
			sourceTree = "<group>";
		};
/* End PBXVariantGroup section */

/* Begin XCBuildConfiguration section */
		7836EB392065DD78001E63E8 /* Debug */ = {
			isa = XCBuildConfiguration;
			buildSettings = {
				ALWAYS_SEARCH_USER_PATHS = NO;
				CLANG_ANALYZER_NONNULL = YES;
				CLANG_ANALYZER_NUMBER_OBJECT_CONVERSION = YES_AGGRESSIVE;
				CLANG_CXX_LANGUAGE_STANDARD = "gnu++14";
				CLANG_CXX_LIBRARY = "libc++";
				CLANG_ENABLE_MODULES = YES;
				CLANG_ENABLE_OBJC_ARC = YES;
				CLANG_WARN_BLOCK_CAPTURE_AUTORELEASING = YES;
				CLANG_WARN_BOOL_CONVERSION = YES;
				CLANG_WARN_COMMA = YES;
				CLANG_WARN_CONSTANT_CONVERSION = YES;
				CLANG_WARN_DIRECT_OBJC_ISA_USAGE = YES_ERROR;
				CLANG_WARN_DOCUMENTATION_COMMENTS = YES;
				CLANG_WARN_EMPTY_BODY = YES;
				CLANG_WARN_ENUM_CONVERSION = YES;
				CLANG_WARN_INFINITE_RECURSION = YES;
				CLANG_WARN_INT_CONVERSION = YES;
				CLANG_WARN_NON_LITERAL_NULL_CONVERSION = YES;
				CLANG_WARN_OBJC_LITERAL_CONVERSION = YES;
				CLANG_WARN_OBJC_ROOT_CLASS = YES_ERROR;
				CLANG_WARN_RANGE_LOOP_ANALYSIS = YES;
				CLANG_WARN_STRICT_PROTOTYPES = YES;
				CLANG_WARN_SUSPICIOUS_MOVE = YES;
				CLANG_WARN_UNGUARDED_AVAILABILITY = YES_AGGRESSIVE;
				CLANG_WARN_UNREACHABLE_CODE = YES;
				CLANG_WARN__DUPLICATE_METHOD_MATCH = YES;
				CODE_SIGN_IDENTITY = "iPhone Developer";
				COPY_PHASE_STRIP = NO;
				DEBUG_INFORMATION_FORMAT = dwarf;
				ENABLE_STRICT_OBJC_MSGSEND = YES;
				ENABLE_TESTABILITY = YES;
				GCC_C_LANGUAGE_STANDARD = gnu11;
				GCC_DYNAMIC_NO_PIC = NO;
				GCC_NO_COMMON_BLOCKS = YES;
				GCC_OPTIMIZATION_LEVEL = 0;
				GCC_PREPROCESSOR_DEFINITIONS = (
					"DEBUG=1",
					"$(inherited)",
				);
				GCC_WARN_64_TO_32_BIT_CONVERSION = YES;
				GCC_WARN_ABOUT_RETURN_TYPE = YES_ERROR;
				GCC_WARN_UNDECLARED_SELECTOR = YES;
				GCC_WARN_UNINITIALIZED_AUTOS = YES_AGGRESSIVE;
				GCC_WARN_UNUSED_FUNCTION = YES;
				GCC_WARN_UNUSED_VARIABLE = YES;
				IPHONEOS_DEPLOYMENT_TARGET = 11.2;
				MTL_ENABLE_DEBUG_INFO = YES;
				ONLY_ACTIVE_ARCH = YES;
				SDKROOT = iphoneos;
			};
			name = Debug;
		};
		7836EB3A2065DD78001E63E8 /* Release */ = {
			isa = XCBuildConfiguration;
			buildSettings = {
				ALWAYS_SEARCH_USER_PATHS = NO;
				CLANG_ANALYZER_NONNULL = YES;
				CLANG_ANALYZER_NUMBER_OBJECT_CONVERSION = YES_AGGRESSIVE;
				CLANG_CXX_LANGUAGE_STANDARD = "gnu++14";
				CLANG_CXX_LIBRARY = "libc++";
				CLANG_ENABLE_MODULES = YES;
				CLANG_ENABLE_OBJC_ARC = YES;
				CLANG_WARN_BLOCK_CAPTURE_AUTORELEASING = YES;
				CLANG_WARN_BOOL_CONVERSION = YES;
				CLANG_WARN_COMMA = YES;
				CLANG_WARN_CONSTANT_CONVERSION = YES;
				CLANG_WARN_DIRECT_OBJC_ISA_USAGE = YES_ERROR;
				CLANG_WARN_DOCUMENTATION_COMMENTS = YES;
				CLANG_WARN_EMPTY_BODY = YES;
				CLANG_WARN_ENUM_CONVERSION = YES;
				CLANG_WARN_INFINITE_RECURSION = YES;
				CLANG_WARN_INT_CONVERSION = YES;
				CLANG_WARN_NON_LITERAL_NULL_CONVERSION = YES;
				CLANG_WARN_OBJC_LITERAL_CONVERSION = YES;
				CLANG_WARN_OBJC_ROOT_CLASS = YES_ERROR;
				CLANG_WARN_RANGE_LOOP_ANALYSIS = YES;
				CLANG_WARN_STRICT_PROTOTYPES = YES;
				CLANG_WARN_SUSPICIOUS_MOVE = YES;
				CLANG_WARN_UNGUARDED_AVAILABILITY = YES_AGGRESSIVE;
				CLANG_WARN_UNREACHABLE_CODE = YES;
				CLANG_WARN__DUPLICATE_METHOD_MATCH = YES;
				CODE_SIGN_IDENTITY = "iPhone Developer";
				COPY_PHASE_STRIP = NO;
				DEBUG_INFORMATION_FORMAT = "dwarf-with-dsym";
				ENABLE_NS_ASSERTIONS = NO;
				ENABLE_STRICT_OBJC_MSGSEND = YES;
				GCC_C_LANGUAGE_STANDARD = gnu11;
				GCC_NO_COMMON_BLOCKS = YES;
				GCC_WARN_64_TO_32_BIT_CONVERSION = YES;
				GCC_WARN_ABOUT_RETURN_TYPE = YES_ERROR;
				GCC_WARN_UNDECLARED_SELECTOR = YES;
				GCC_WARN_UNINITIALIZED_AUTOS = YES_AGGRESSIVE;
				GCC_WARN_UNUSED_FUNCTION = YES;
				GCC_WARN_UNUSED_VARIABLE = YES;
				IPHONEOS_DEPLOYMENT_TARGET = 11.2;
				MTL_ENABLE_DEBUG_INFO = NO;
				SDKROOT = iphoneos;
				VALIDATE_PRODUCT = YES;
			};
			name = Release;
		};
		7836EB3C2065DD78001E63E8 /* Debug */ = {
			isa = XCBuildConfiguration;
			baseConfigurationReference = 14B876CC2A747E3843A18D22 /* Pods-OC_D.debug.xcconfig */;
			buildSettings = {
				ASSETCATALOG_COMPILER_APPICON_NAME = AppIcon;
				CODE_SIGN_STYLE = Automatic;
				GCC_PRECOMPILE_PREFIX_HEADER = YES;
				GCC_PREFIX_HEADER = "$(SRCROOT)/OC_D/PrefixHeader.pch";
				INFOPLIST_FILE = OC_D/Info.plist;
				LD_RUNPATH_SEARCH_PATHS = "$(inherited) @executable_path/Frameworks";
				PRODUCT_BUNDLE_IDENTIFIER = "com.youlu.OC-D";
				PRODUCT_NAME = "$(TARGET_NAME)";
				TARGETED_DEVICE_FAMILY = "1,2";
			};
			name = Debug;
		};
		7836EB3D2065DD78001E63E8 /* Release */ = {
			isa = XCBuildConfiguration;
			baseConfigurationReference = 09824D1F5ADFCC4B6C8E81D7 /* Pods-OC_D.release.xcconfig */;
			buildSettings = {
				ASSETCATALOG_COMPILER_APPICON_NAME = AppIcon;
				CODE_SIGN_STYLE = Automatic;
				GCC_PRECOMPILE_PREFIX_HEADER = YES;
				GCC_PREFIX_HEADER = "$(SRCROOT)/OC_D/PrefixHeader.pch";
				INFOPLIST_FILE = OC_D/Info.plist;
				LD_RUNPATH_SEARCH_PATHS = "$(inherited) @executable_path/Frameworks";
				PRODUCT_BUNDLE_IDENTIFIER = "com.youlu.OC-D";
				PRODUCT_NAME = "$(TARGET_NAME)";
				TARGETED_DEVICE_FAMILY = "1,2";
			};
			name = Release;
		};
/* End XCBuildConfiguration section */

/* Begin XCConfigurationList section */
		7836EB202065DD77001E63E8 /* Build configuration list for PBXProject "OC_D" */ = {
			isa = XCConfigurationList;
			buildConfigurations = (
				7836EB392065DD78001E63E8 /* Debug */,
				7836EB3A2065DD78001E63E8 /* Release */,
			);
			defaultConfigurationIsVisible = 0;
			defaultConfigurationName = Release;
		};
		7836EB3B2065DD78001E63E8 /* Build configuration list for PBXNativeTarget "OC_D" */ = {
			isa = XCConfigurationList;
			buildConfigurations = (
				7836EB3C2065DD78001E63E8 /* Debug */,
				7836EB3D2065DD78001E63E8 /* Release */,
			);
			defaultConfigurationIsVisible = 0;
			defaultConfigurationName = Release;
		};
/* End XCConfigurationList section */
	};
	rootObject = 7836EB1D2065DD77001E63E8 /* Project object */;
}
